// !$*UTF8*$!
{
	archiveVersion = 1;
	classes = {
	};
	objectVersion = 56;
	objects = {

/* Begin PBXBuildFile section */
		AC8AD7D22A4A2B2000941B1F /* SwiftUI_List_EditApp.swift in Sources */ = {isa = PBXBuildFile; fileRef = AC8AD7D12A4A2B2000941B1F /* SwiftUI_List_EditApp.swift */; };
		AC8AD7D42A4A2B2000941B1F /* ContentView.swift in Sources */ = {isa = PBXBuildFile; fileRef = AC8AD7D32A4A2B2000941B1F /* ContentView.swift */; };
		AC8AD7D62A4A2B2100941B1F /* Assets.xcassets in Resources */ = {isa = PBXBuildFile; fileRef = AC8AD7D52A4A2B2100941B1F /* Assets.xcassets */; };
		AC8AD7D92A4A2B2100941B1F /* Preview Assets.xcassets in Resources */ = {isa = PBXBuildFile; fileRef = AC8AD7D82A4A2B2100941B1F /* Preview Assets.xcassets */; };
		ACD7BA492A4B24CD00774E9D /* SingleLineEditView.swift in Sources */ = {isa = PBXBuildFile; fileRef = ACD7BA482A4B249300774E9D /* SingleLineEditView.swift */; };
		ACD7BA4B2A4B24FA00774E9D /* NavView.swift in Sources */ = {isa = PBXBuildFile; fileRef = ACD7BA4A2A4B24FA00774E9D /* NavView.swift */; };
/* End PBXBuildFile section */

/* Begin PBXFileReference section */
		AC8AD7CE2A4A2B2000941B1F /* SwiftUI List Edit.app */ = {isa = PBXFileReference; explicitFileType = wrapper.application; includeInIndex = 0; path = "SwiftUI List Edit.app"; sourceTree = BUILT_PRODUCTS_DIR; };
		AC8AD7D12A4A2B2000941B1F /* SwiftUI_List_EditApp.swift */ = {isa = PBXFileReference; lastKnownFileType = sourcecode.swift; path = SwiftUI_List_EditApp.swift; sourceTree = "<group>"; };
		AC8AD7D32A4A2B2000941B1F /* ContentView.swift */ = {isa = PBXFileReference; lastKnownFileType = sourcecode.swift; path = ContentView.swift; sourceTree = "<group>"; };
		AC8AD7D52A4A2B2100941B1F /* Assets.xcassets */ = {isa = PBXFileReference; lastKnownFileType = folder.assetcatalog; path = Assets.xcassets; sourceTree = "<group>"; };
		AC8AD7D82A4A2B2100941B1F /* Preview Assets.xcassets */ = {isa = PBXFileReference; lastKnownFileType = folder.assetcatalog; path = "Preview Assets.xcassets"; sourceTree = "<group>"; };
		ACD7BA482A4B249300774E9D /* SingleLineEditView.swift */ = {isa = PBXFileReference; lastKnownFileType = sourcecode.swift; path = SingleLineEditView.swift; sourceTree = "<group>"; };
		ACD7BA4A2A4B24FA00774E9D /* NavView.swift */ = {isa = PBXFileReference; lastKnownFileType = sourcecode.swift; path = NavView.swift; sourceTree = "<group>"; };
/* End PBXFileReference section */

/* Begin PBXFrameworksBuildPhase section */
		AC8AD7CB2A4A2B2000941B1F /* Frameworks */ = {
			isa = PBXFrameworksBuildPhase;
			buildActionMask = 2147483647;
			files = (
			);
			runOnlyForDeploymentPostprocessing = 0;
		};
/* End PBXFrameworksBuildPhase section */

/* Begin PBXGroup section */
		AC8AD7C52A4A2B2000941B1F = {
			isa = PBXGroup;
			children = (
				AC8AD7D02A4A2B2000941B1F /* SwiftUI List Edit */,
				AC8AD7CF2A4A2B2000941B1F /* Products */,
			);
			sourceTree = "<group>";
		};
		AC8AD7CF2A4A2B2000941B1F /* Products */ = {
			isa = PBXGroup;
			children = (
				AC8AD7CE2A4A2B2000941B1F /* SwiftUI List Edit.app */,
			);
			name = Products;
			sourceTree = "<group>";
		};
		AC8AD7D02A4A2B2000941B1F /* SwiftUI List Edit */ = {
			isa = PBXGroup;
			children = (
				AC8AD7D12A4A2B2000941B1F /* SwiftUI_List_EditApp.swift */,
				AC8AD7D32A4A2B2000941B1F /* ContentView.swift */,
				ACD7BA4D2A4B260400774E9D /* Apple Example */,
				AC8AD7D52A4A2B2100941B1F /* Assets.xcassets */,
				AC8AD7D72A4A2B2100941B1F /* Preview Content */,
			);
			path = "SwiftUI List Edit";
			sourceTree = "<group>";
		};
		AC8AD7D72A4A2B2100941B1F /* Preview Content */ = {
			isa = PBXGroup;
			children = (
				AC8AD7D82A4A2B2100941B1F /* Preview Assets.xcassets */,
			);
			path = "Preview Content";
			sourceTree = "<group>";
		};
		ACD7BA4D2A4B260400774E9D /* Apple Example */ = {
			isa = PBXGroup;
			children = (
				ACD7BA4A2A4B24FA00774E9D /* NavView.swift */,
				ACD7BA482A4B249300774E9D /* SingleLineEditView.swift */,
			);
			path = "Apple Example";
			sourceTree = "<group>";
		};
/* End PBXGroup section */

/* Begin PBXNativeTarget section */
		AC8AD7CD2A4A2B2000941B1F /* SwiftUI List Edit */ = {
			isa = PBXNativeTarget;
			buildConfigurationList = AC8AD7DC2A4A2B2100941B1F /* Build configuration list for PBXNativeTarget "SwiftUI List Edit" */;
			buildPhases = (
				AC8AD7CA2A4A2B2000941B1F /* Sources */,
				AC8AD7CB2A4A2B2000941B1F /* Frameworks */,
				AC8AD7CC2A4A2B2000941B1F /* Resources */,
			);
			buildRules = (
			);
			dependencies = (
			);
			name = "SwiftUI List Edit";
			productName = "SwiftUI List Edit";
			productReference = AC8AD7CE2A4A2B2000941B1F /* SwiftUI List Edit.app */;
			productType = "com.apple.product-type.application";
		};
/* End PBXNativeTarget section */

/* Begin PBXProject section */
		AC8AD7C62A4A2B2000941B1F /* Project object */ = {
			isa = PBXProject;
			attributes = {
				BuildIndependentTargetsInParallel = 1;
				LastSwiftUpdateCheck = 1430;
				LastUpgradeCheck = 1430;
				TargetAttributes = {
					AC8AD7CD2A4A2B2000941B1F = {
						CreatedOnToolsVersion = 14.3;
					};
				};
			};
			buildConfigurationList = AC8AD7C92A4A2B2000941B1F /* Build configuration list for PBXProject "SwiftUI List Edit" */;
			compatibilityVersion = "Xcode 14.0";
			developmentRegion = en;
			hasScannedForEncodings = 0;
			knownRegions = (
				en,
				Base,
			);
			mainGroup = AC8AD7C52A4A2B2000941B1F;
			productRefGroup = AC8AD7CF2A4A2B2000941B1F /* Products */;
			projectDirPath = "";
			projectRoot = "";
			targets = (
				AC8AD7CD2A4A2B2000941B1F /* SwiftUI List Edit */,
			);
		};
/* End PBXProject section */

/* Begin PBXResourcesBuildPhase section */
		AC8AD7CC2A4A2B2000941B1F /* Resources */ = {
			isa = PBXResourcesBuildPhase;
			buildActionMask = 2147483647;
			files = (
				AC8AD7D92A4A2B2100941B1F /* Preview Assets.xcassets in Resources */,
				AC8AD7D62A4A2B2100941B1F /* Assets.xcassets in Resources */,
			);
			runOnlyForDeploymentPostprocessing = 0;
		};
/* End PBXResourcesBuildPhase section */

/* Begin PBXSourcesBuildPhase section */
		AC8AD7CA2A4A2B2000941B1F /* Sources */ = {
			isa = PBXSourcesBuildPhase;
			buildActionMask = 2147483647;
			files = (
				ACD7BA4B2A4B24FA00774E9D /* NavView.swift in Sources */,
				ACD7BA492A4B24CD00774E9D /* SingleLineEditView.swift in Sources */,
				AC8AD7D42A4A2B2000941B1F /* ContentView.swift in Sources */,
				AC8AD7D22A4A2B2000941B1F /* SwiftUI_List_EditApp.swift in Sources */,
			);
			runOnlyForDeploymentPostprocessing = 0;
		};
/* End PBXSourcesBuildPhase section */

/* Begin XCBuildConfiguration section */
		AC8AD7DA2A4A2B2100941B1F /* Debug */ = {
			isa = XCBuildConfiguration;
			buildSettings = {
				ALWAYS_SEARCH_USER_PATHS = NO;
				CLANG_ANALYZER_NONNULL = YES;
				CLANG_ANALYZER_NUMBER_OBJECT_CONVERSION = YES_AGGRESSIVE;
				CLANG_CXX_LANGUAGE_STANDARD = "gnu++20";
				CLANG_ENABLE_MODULES = YES;
				CLANG_ENABLE_OBJC_ARC = YES;
				CLANG_ENABLE_OBJC_WEAK = YES;
				CLANG_WARN_BLOCK_CAPTURE_AUTORELEASING = YES;
				CLANG_WARN_BOOL_CONVERSION = YES;
				CLANG_WARN_COMMA = YES;
				CLANG_WARN_CONSTANT_CONVERSION = YES;
				CLANG_WARN_DEPRECATED_OBJC_IMPLEMENTATIONS = YES;
				CLANG_WARN_DIRECT_OBJC_ISA_USAGE = YES_ERROR;
				CLANG_WARN_DOCUMENTATION_COMMENTS = YES;
				CLANG_WARN_EMPTY_BODY = YES;
				CLANG_WARN_ENUM_CONVERSION = YES;
				CLANG_WARN_INFINITE_RECURSION = YES;
				CLANG_WARN_INT_CONVERSION = YES;
				CLANG_WARN_NON_LITERAL_NULL_CONVERSION = YES;
				CLANG_WARN_OBJC_IMPLICIT_RETAIN_SELF = YES;
				CLANG_WARN_OBJC_LITERAL_CONVERSION = YES;
				CLANG_WARN_OBJC_ROOT_CLASS = YES_ERROR;
				CLANG_WARN_QUOTED_INCLUDE_IN_FRAMEWORK_HEADER = YES;
				CLANG_WARN_RANGE_LOOP_ANALYSIS = YES;
				CLANG_WARN_STRICT_PROTOTYPES = YES;
				CLANG_WARN_SUSPICIOUS_MOVE = YES;
				CLANG_WARN_UNGUARDED_AVAILABILITY = YES_AGGRESSIVE;
				CLANG_WARN_UNREACHABLE_CODE = YES;
				CLANG_WARN__DUPLICATE_METHOD_MATCH = YES;
				COPY_PHASE_STRIP = NO;
				DEBUG_INFORMATION_FORMAT = dwarf;
				ENABLE_STRICT_OBJC_MSGSEND = YES;
				ENABLE_TESTABILITY = YES;
				GCC_C_LANGUAGE_STANDARD = gnu11;
				GCC_DYNAMIC_NO_PIC = NO;
				GCC_NO_COMMON_BLOCKS = YES;
				GCC_OPTIMIZATION_LEVEL = 0;
				GCC_PREPROCESSOR_DEFINITIONS = (
					"DEBUG=1",
					"$(inherited)",
				);
				GCC_WARN_64_TO_32_BIT_CONVERSION = YES;
				GCC_WARN_ABOUT_RETURN_TYPE = YES_ERROR;
				GCC_WARN_UNDECLARED_SELECTOR = YES;
				GCC_WARN_UNINITIALIZED_AUTOS = YES_AGGRESSIVE;
				GCC_WARN_UNUSED_FUNCTION = YES;
				GCC_WARN_UNUSED_VARIABLE = YES;
				IPHONEOS_DEPLOYMENT_TARGET = 16.4;
				MTL_ENABLE_DEBUG_INFO = INCLUDE_SOURCE;
				MTL_FAST_MATH = YES;
				ONLY_ACTIVE_ARCH = YES;
				SDKROOT = iphoneos;
				SWIFT_ACTIVE_COMPILATION_CONDITIONS = DEBUG;
				SWIFT_OPTIMIZATION_LEVEL = "-Onone";
			};
			name = Debug;
		};
		AC8AD7DB2A4A2B2100941B1F /* Release */ = {
			isa = XCBuildConfiguration;
			buildSettings = {
				ALWAYS_SEARCH_USER_PATHS = NO;
				CLANG_ANALYZER_NONNULL = YES;
				CLANG_ANALYZER_NUMBER_OBJECT_CONVERSION = YES_AGGRESSIVE;
				CLANG_CXX_LANGUAGE_STANDARD = "gnu++20";
				CLANG_ENABLE_MODULES = YES;
				CLANG_ENABLE_OBJC_ARC = YES;
				CLANG_ENABLE_OBJC_WEAK = YES;
				CLANG_WARN_BLOCK_CAPTURE_AUTORELEASING = YES;
				CLANG_WARN_BOOL_CONVERSION = YES;
				CLANG_WARN_COMMA = YES;
				CLANG_WARN_CONSTANT_CONVERSION = YES;
				CLANG_WARN_DEPRECATED_OBJC_IMPLEMENTATIONS = YES;
				CLANG_WARN_DIRECT_OBJC_ISA_USAGE = YES_ERROR;
				CLANG_WARN_DOCUMENTATION_COMMENTS = YES;
				CLANG_WARN_EMPTY_BODY = YES;
				CLANG_WARN_ENUM_CONVERSION = YES;
				CLANG_WARN_INFINITE_RECURSION = YES;
				CLANG_WARN_INT_CONVERSION = YES;
				CLANG_WARN_NON_LITERAL_NULL_CONVERSION = YES;
				CLANG_WARN_OBJC_IMPLICIT_RETAIN_SELF = YES;
				CLANG_WARN_OBJC_LITERAL_CONVERSION = YES;
				CLANG_WARN_OBJC_ROOT_CLASS = YES_ERROR;
				CLANG_WARN_QUOTED_INCLUDE_IN_FRAMEWORK_HEADER = YES;
				CLANG_WARN_RANGE_LOOP_ANALYSIS = YES;
				CLANG_WARN_STRICT_PROTOTYPES = YES;
				CLANG_WARN_SUSPICIOUS_MOVE = YES;
				CLANG_WARN_UNGUARDED_AVAILABILITY = YES_AGGRESSIVE;
				CLANG_WARN_UNREACHABLE_CODE = YES;
				CLANG_WARN__DUPLICATE_METHOD_MATCH = YES;
				COPY_PHASE_STRIP = NO;
				DEBUG_INFORMATION_FORMAT = "dwarf-with-dsym";
				ENABLE_NS_ASSERTIONS = NO;
				ENABLE_STRICT_OBJC_MSGSEND = YES;
				GCC_C_LANGUAGE_STANDARD = gnu11;
				GCC_NO_COMMON_BLOCKS = YES;
				GCC_WARN_64_TO_32_BIT_CONVERSION = YES;
				GCC_WARN_ABOUT_RETURN_TYPE = YES_ERROR;
				GCC_WARN_UNDECLARED_SELECTOR = YES;
				GCC_WARN_UNINITIALIZED_AUTOS = YES_AGGRESSIVE;
				GCC_WARN_UNUSED_FUNCTION = YES;
				GCC_WARN_UNUSED_VARIABLE = YES;
				IPHONEOS_DEPLOYMENT_TARGET = 16.4;
				MTL_ENABLE_DEBUG_INFO = NO;
				MTL_FAST_MATH = YES;
				SDKROOT = iphoneos;
				SWIFT_COMPILATION_MODE = wholemodule;
				SWIFT_OPTIMIZATION_LEVEL = "-O";
				VALIDATE_PRODUCT = YES;
			};
			name = Release;
		};
		AC8AD7DD2A4A2B2100941B1F /* Debug */ = {
			isa = XCBuildConfiguration;
			buildSettings = {
				ASSETCATALOG_COMPILER_APPICON_NAME = AppIcon;
				ASSETCATALOG_COMPILER_GLOBAL_ACCENT_COLOR_NAME = AccentColor;
				CODE_SIGN_STYLE = Automatic;
				CURRENT_PROJECT_VERSION = 1;
				DEVELOPMENT_ASSET_PATHS = "\"SwiftUI List Edit/Preview Content\"";
				DEVELOPMENT_TEAM = 6QY69PUF72;
				ENABLE_PREVIEWS = YES;
				GENERATE_INFOPLIST_FILE = YES;
				INFOPLIST_KEY_UIApplicationSceneManifest_Generation = YES;
				INFOPLIST_KEY_UIApplicationSupportsIndirectInputEvents = YES;
				INFOPLIST_KEY_UILaunchScreen_Generation = YES;
				INFOPLIST_KEY_UISupportedInterfaceOrientations_iPad = "UIInterfaceOrientationPortrait UIInterfaceOrientationPortraitUpsideDown UIInterfaceOrientationLandscapeLeft UIInterfaceOrientationLandscapeRight";
				INFOPLIST_KEY_UISupportedInterfaceOrientations_iPhone = "UIInterfaceOrientationPortrait UIInterfaceOrientationLandscapeLeft UIInterfaceOrientationLandscapeRight";
				LD_RUNPATH_SEARCH_PATHS = (
					"$(inherited)",
					"@executable_path/Frameworks",
				);
				MARKETING_VERSION = 1.0;
				PRODUCT_BUNDLE_IDENTIFIER = "com.joybending.SwiftUI-List-Edit";
				PRODUCT_NAME = "$(TARGET_NAME)";
				SWIFT_EMIT_LOC_STRINGS = YES;
				SWIFT_VERSION = 5.0;
				TARGETED_DEVICE_FAMILY = "1,2";
			};
			name = Debug;
		};
		AC8AD7DE2A4A2B2100941B1F /* Release */ = {
			isa = XCBuildConfiguration;
			buildSettings = {
				ASSETCATALOG_COMPILER_APPICON_NAME = AppIcon;
				ASSETCATALOG_COMPILER_GLOBAL_ACCENT_COLOR_NAME = AccentColor;
				CODE_SIGN_STYLE = Automatic;
				CURRENT_PROJECT_VERSION = 1;
				DEVELOPMENT_ASSET_PATHS = "\"SwiftUI List Edit/Preview Content\"";
				DEVELOPMENT_TEAM = 6QY69PUF72;
				ENABLE_PREVIEWS = YES;
				GENERATE_INFOPLIST_FILE = YES;
				INFOPLIST_KEY_UIApplicationSceneManifest_Generation = YES;
				INFOPLIST_KEY_UIApplicationSupportsIndirectInputEvents = YES;
				INFOPLIST_KEY_UILaunchScreen_Generation = YES;
				INFOPLIST_KEY_UISupportedInterfaceOrientations_iPad = "UIInterfaceOrientationPortrait UIInterfaceOrientationPortraitUpsideDown UIInterfaceOrientationLandscapeLeft UIInterfaceOrientationLandscapeRight";
				INFOPLIST_KEY_UISupportedInterfaceOrientations_iPhone = "UIInterfaceOrientationPortrait UIInterfaceOrientationLandscapeLeft UIInterfaceOrientationLandscapeRight";
				LD_RUNPATH_SEARCH_PATHS = (
					"$(inherited)",
					"@executable_path/Frameworks",
				);
				MARKETING_VERSION = 1.0;
				PRODUCT_BUNDLE_IDENTIFIER = "com.joybending.SwiftUI-List-Edit";
				PRODUCT_NAME = "$(TARGET_NAME)";
				SWIFT_EMIT_LOC_STRINGS = YES;
				SWIFT_VERSION = 5.0;
				TARGETED_DEVICE_FAMILY = "1,2";
			};
			name = Release;
		};
/* End XCBuildConfiguration section */

/* Begin XCConfigurationList section */
		AC8AD7C92A4A2B2000941B1F /* Build configuration list for PBXProject "SwiftUI List Edit" */ = {
			isa = XCConfigurationList;
			buildConfigurations = (
				AC8AD7DA2A4A2B2100941B1F /* Debug */,
				AC8AD7DB2A4A2B2100941B1F /* Release */,
			);
			defaultConfigurationIsVisible = 0;
			defaultConfigurationName = Release;
		};
		AC8AD7DC2A4A2B2100941B1F /* Build configuration list for PBXNativeTarget "SwiftUI List Edit" */ = {
			isa = XCConfigurationList;
			buildConfigurations = (
				AC8AD7DD2A4A2B2100941B1F /* Debug */,
				AC8AD7DE2A4A2B2100941B1F /* Release */,
			);
			defaultConfigurationIsVisible = 0;
			defaultConfigurationName = Release;
		};
/* End XCConfigurationList section */
	};
	rootObject = AC8AD7C62A4A2B2000941B1F /* Project object */;
}
